
Microsoft Visual Studio Solution File, Format Version 12.00
# Visual Studio Version 16
VisualStudioVersion = 16.0.30523.141
MinimumVisualStudioVersion = 10.0.40219.1
Project("{9A19103F-16F7-4668-BE54-9A1E7A4F7556}") = "FizzBuzz", "FizzBuzz\FizzBuzz.csproj", "{483C2E0A-628E-42EA-80E6-AAD0C9A09E6B}"
EndProject
Project("{9A19103F-16F7-4668-BE54-9A1E7A4F7556}") = "MergeNames", "MergeNames\MergeNames.csproj", "{01D57D1A-1934-469E-B64F-A5B0EFC24651}"
EndProject
Project("{9A19103F-16F7-4668-BE54-9A1E7A4F7556}") = "TwoSum", "TwoSum\TwoSum.csproj", "{BF92CA27-C4D9-4F98-A673-58C9593F1B9F}"
EndProject
Project("{9A19103F-16F7-4668-BE54-9A1E7A4F7556}") = "TwoSum.Test", "TwoSum.Test\TwoSum.Test.csproj", "{FCE84CF8-CC86-44C9-9E96-71C99E2B0F95}"
EndProject
Project("{9A19103F-16F7-4668-BE54-9A1E7A4F7556}") = "EditorEnums", "EditorEnums\EditorEnums.csproj", "{0E6BB74D-FA03-4352-891E-C4FA0FCFC658}"
EndProject
Project("{9A19103F-16F7-4668-BE54-9A1E7A4F7556}") = "LessThan", "LessThan\LessThan.csproj", "{8D27D8D2-7372-4C4F-BF08-87B2AF63803C}"
EndProject
Project("{9A19103F-16F7-4668-BE54-9A1E7A4F7556}") = "Wagons", "Wagons\Wagons.csproj", "{154577DB-F1C4-4D0A-983E-2804D3835C67}"
EndProject
Project("{9A19103F-16F7-4668-BE54-9A1E7A4F7556}") = "MathUtils", "MathUtils\MathUtils.csproj", "{CBA9413F-7EC4-41A6-AAEF-C807C8BC7689}"
EndProject
Project("{9A19103F-16F7-4668-BE54-9A1E7A4F7556}") = "Hobbies", "Hobbies\Hobbies.csproj", "{FA918304-6AC5-4812-842A-0798409AD095}"
EndProject
Project("{9A19103F-16F7-4668-BE54-9A1E7A4F7556}") = "RemoveRepetitions", "RemoveRepetitions\RemoveRepetitions.csproj", "{A2A581DD-0AC2-481F-8AA1-45E72E2550EB}"
EndProject
Project("{9A19103F-16F7-4668-BE54-9A1E7A4F7556}") = "ChainLink", "ChainLink\ChainLink.csproj", "{F8E1E01A-73D8-474A-B23F-4DFD09A34445}"
EndProject
Project("{9A19103F-16F7-4668-BE54-9A1E7A4F7556}") = "Bird", "Bird\Bird.csproj", "{A80361BE-69D4-49A6-B92E-0E81B4AC7B1D}"
EndProject
Project("{FAE04EC0-301F-11D3-BF4B-00C04F79EFBC}") = "GetVowels", "GetVowels\GetVowels.csproj", "{1E4B2B2A-188F-43C6-AC7A-BD5EE24F826F}"
EndProject
Project("{FAE04EC0-301F-11D3-BF4B-00C04F79EFBC}") = "OpenOrSenior", "OpenOrSenior\OpenOrSenior.csproj", "{86B00946-D2D4-4B51-B1C7-7EF585456E5B}"
EndProject
Project("{FAE04EC0-301F-11D3-BF4B-00C04F79EFBC}") = "Katas", "Katas\Katas.csproj", "{B54ED258-8326-4BF2-8783-C6EE601B7F00}"
EndProject
Project("{FAE04EC0-301F-11D3-BF4B-00C04F79EFBC}") = "Katas.Tests", "Katas.Tests\Katas.Tests.csproj", "{97CF7E58-DAB2-49A3-90E7-D957A427EF92}"
EndProject
Global
	GlobalSection(SolutionConfigurationPlatforms) = preSolution
		Debug|Any CPU = Debug|Any CPU
		Release|Any CPU = Release|Any CPU
	EndGlobalSection
	GlobalSection(ProjectConfigurationPlatforms) = postSolution
		{483C2E0A-628E-42EA-80E6-AAD0C9A09E6B}.Debug|Any CPU.ActiveCfg = Debug|Any CPU
		{483C2E0A-628E-42EA-80E6-AAD0C9A09E6B}.Debug|Any CPU.Build.0 = Debug|Any CPU
		{483C2E0A-628E-42EA-80E6-AAD0C9A09E6B}.Release|Any CPU.ActiveCfg = Release|Any CPU
		{483C2E0A-628E-42EA-80E6-AAD0C9A09E6B}.Release|Any CPU.Build.0 = Release|Any CPU
		{01D57D1A-1934-469E-B64F-A5B0EFC24651}.Debug|Any CPU.ActiveCfg = Debug|Any CPU
		{01D57D1A-1934-469E-B64F-A5B0EFC24651}.Debug|Any CPU.Build.0 = Debug|Any CPU
		{01D57D1A-1934-469E-B64F-A5B0EFC24651}.Release|Any CPU.ActiveCfg = Release|Any CPU
		{01D57D1A-1934-469E-B64F-A5B0EFC24651}.Release|Any CPU.Build.0 = Release|Any CPU
		{BF92CA27-C4D9-4F98-A673-58C9593F1B9F}.Debug|Any CPU.ActiveCfg = Debug|Any CPU
		{BF92CA27-C4D9-4F98-A673-58C9593F1B9F}.Debug|Any CPU.Build.0 = Debug|Any CPU
		{BF92CA27-C4D9-4F98-A673-58C9593F1B9F}.Release|Any CPU.ActiveCfg = Release|Any CPU
		{BF92CA27-C4D9-4F98-A673-58C9593F1B9F}.Release|Any CPU.Build.0 = Release|Any CPU
		{FCE84CF8-CC86-44C9-9E96-71C99E2B0F95}.Debug|Any CPU.ActiveCfg = Debug|Any CPU
		{FCE84CF8-CC86-44C9-9E96-71C99E2B0F95}.Debug|Any CPU.Build.0 = Debug|Any CPU
		{FCE84CF8-CC86-44C9-9E96-71C99E2B0F95}.Release|Any CPU.ActiveCfg = Release|Any CPU
		{FCE84CF8-CC86-44C9-9E96-71C99E2B0F95}.Release|Any CPU.Build.0 = Release|Any CPU
		{0E6BB74D-FA03-4352-891E-C4FA0FCFC658}.Debug|Any CPU.ActiveCfg = Debug|Any CPU
		{0E6BB74D-FA03-4352-891E-C4FA0FCFC658}.Debug|Any CPU.Build.0 = Debug|Any CPU
		{0E6BB74D-FA03-4352-891E-C4FA0FCFC658}.Release|Any CPU.ActiveCfg = Release|Any CPU
		{0E6BB74D-FA03-4352-891E-C4FA0FCFC658}.Release|Any CPU.Build.0 = Release|Any CPU
		{8D27D8D2-7372-4C4F-BF08-87B2AF63803C}.Debug|Any CPU.ActiveCfg = Debug|Any CPU
		{8D27D8D2-7372-4C4F-BF08-87B2AF63803C}.Debug|Any CPU.Build.0 = Debug|Any CPU
		{8D27D8D2-7372-4C4F-BF08-87B2AF63803C}.Release|Any CPU.ActiveCfg = Release|Any CPU
		{8D27D8D2-7372-4C4F-BF08-87B2AF63803C}.Release|Any CPU.Build.0 = Release|Any CPU
		{154577DB-F1C4-4D0A-983E-2804D3835C67}.Debug|Any CPU.ActiveCfg = Debug|Any CPU
		{154577DB-F1C4-4D0A-983E-2804D3835C67}.Debug|Any CPU.Build.0 = Debug|Any CPU
		{154577DB-F1C4-4D0A-983E-2804D3835C67}.Release|Any CPU.ActiveCfg = Release|Any CPU
		{154577DB-F1C4-4D0A-983E-2804D3835C67}.Release|Any CPU.Build.0 = Release|Any CPU
		{CBA9413F-7EC4-41A6-AAEF-C807C8BC7689}.Debug|Any CPU.ActiveCfg = Debug|Any CPU
		{CBA9413F-7EC4-41A6-AAEF-C807C8BC7689}.Debug|Any CPU.Build.0 = Debug|Any CPU
		{CBA9413F-7EC4-41A6-AAEF-C807C8BC7689}.Release|Any CPU.ActiveCfg = Release|Any CPU
		{CBA9413F-7EC4-41A6-AAEF-C807C8BC7689}.Release|Any CPU.Build.0 = Release|Any CPU
		{FA918304-6AC5-4812-842A-0798409AD095}.Debug|Any CPU.ActiveCfg = Debug|Any CPU
		{FA918304-6AC5-4812-842A-0798409AD095}.Debug|Any CPU.Build.0 = Debug|Any CPU
		{FA918304-6AC5-4812-842A-0798409AD095}.Release|Any CPU.ActiveCfg = Release|Any CPU
		{FA918304-6AC5-4812-842A-0798409AD095}.Release|Any CPU.Build.0 = Release|Any CPU
		{A2A581DD-0AC2-481F-8AA1-45E72E2550EB}.Debug|Any CPU.ActiveCfg = Debug|Any CPU
		{A2A581DD-0AC2-481F-8AA1-45E72E2550EB}.Debug|Any CPU.Build.0 = Debug|Any CPU
		{A2A581DD-0AC2-481F-8AA1-45E72E2550EB}.Release|Any CPU.ActiveCfg = Release|Any CPU
		{A2A581DD-0AC2-481F-8AA1-45E72E2550EB}.Release|Any CPU.Build.0 = Release|Any CPU
		{F8E1E01A-73D8-474A-B23F-4DFD09A34445}.Debug|Any CPU.ActiveCfg = Debug|Any CPU
		{F8E1E01A-73D8-474A-B23F-4DFD09A34445}.Debug|Any CPU.Build.0 = Debug|Any CPU
		{F8E1E01A-73D8-474A-B23F-4DFD09A34445}.Release|Any CPU.ActiveCfg = Release|Any CPU
		{F8E1E01A-73D8-474A-B23F-4DFD09A34445}.Release|Any CPU.Build.0 = Release|Any CPU
		{A80361BE-69D4-49A6-B92E-0E81B4AC7B1D}.Debug|Any CPU.ActiveCfg = Debug|Any CPU
		{A80361BE-69D4-49A6-B92E-0E81B4AC7B1D}.Debug|Any CPU.Build.0 = Debug|Any CPU
		{A80361BE-69D4-49A6-B92E-0E81B4AC7B1D}.Release|Any CPU.ActiveCfg = Release|Any CPU
		{A80361BE-69D4-49A6-B92E-0E81B4AC7B1D}.Release|Any CPU.Build.0 = Release|Any CPU
		{1E4B2B2A-188F-43C6-AC7A-BD5EE24F826F}.Debug|Any CPU.ActiveCfg = Debug|Any CPU
		{1E4B2B2A-188F-43C6-AC7A-BD5EE24F826F}.Debug|Any CPU.Build.0 = Debug|Any CPU
		{1E4B2B2A-188F-43C6-AC7A-BD5EE24F826F}.Release|Any CPU.ActiveCfg = Release|Any CPU
		{1E4B2B2A-188F-43C6-AC7A-BD5EE24F826F}.Release|Any CPU.Build.0 = Release|Any CPU
		{86B00946-D2D4-4B51-B1C7-7EF585456E5B}.Debug|Any CPU.ActiveCfg = Debug|Any CPU
		{86B00946-D2D4-4B51-B1C7-7EF585456E5B}.Debug|Any CPU.Build.0 = Debug|Any CPU
		{86B00946-D2D4-4B51-B1C7-7EF585456E5B}.Release|Any CPU.ActiveCfg = Release|Any CPU
		{86B00946-D2D4-4B51-B1C7-7EF585456E5B}.Release|Any CPU.Build.0 = Release|Any CPU
		{B54ED258-8326-4BF2-8783-C6EE601B7F00}.Debug|Any CPU.ActiveCfg = Debug|Any CPU
		{B54ED258-8326-4BF2-8783-C6EE601B7F00}.Debug|Any CPU.Build.0 = Debug|Any CPU
		{B54ED258-8326-4BF2-8783-C6EE601B7F00}.Release|Any CPU.ActiveCfg = Release|Any CPU
		{B54ED258-8326-4BF2-8783-C6EE601B7F00}.Release|Any CPU.Build.0 = Release|Any CPU
		{97CF7E58-DAB2-49A3-90E7-D957A427EF92}.Debug|Any CPU.ActiveCfg = Debug|Any CPU
		{97CF7E58-DAB2-49A3-90E7-D957A427EF92}.Debug|Any CPU.Build.0 = Debug|Any CPU
		{97CF7E58-DAB2-49A3-90E7-D957A427EF92}.Release|Any CPU.ActiveCfg = Release|Any CPU
		{97CF7E58-DAB2-49A3-90E7-D957A427EF92}.Release|Any CPU.Build.0 = Release|Any CPU
	EndGlobalSection
	GlobalSection(SolutionProperties) = preSolution
		HideSolutionNode = FALSE
	EndGlobalSection
	GlobalSection(ExtensibilityGlobals) = postSolution
		SolutionGuid = {83EB4807-52ED-4360-B0C1-157DECA58DCF}
	EndGlobalSection
EndGlobal
